
Microsoft Visual Studio Solution File, Format Version 12.00
# Visual Studio Version 17
VisualStudioVersion = 17.1.32407.343
MinimumVisualStudioVersion = 10.0.40219.1
Project("{FAE04EC0-301F-11D3-BF4B-00C04F79EFBC}") = "Lab3", "Lab3\Lab3.csproj", "{0A9FC8D8-1098-4FF0-8AA0-B7A2989F4FC4}"
EndProject
Global
	GlobalSection(SolutionConfigurationPlatforms) = preSolution
		Debug|Any CPU = Debug|Any CPU
		Release|Any CPU = Release|Any CPU
	EndGlobalSection
	GlobalSection(ProjectConfigurationPlatforms) = postSolution
		{0A9FC8D8-1098-4FF0-8AA0-B7A2989F4FC4}.Debug|Any CPU.ActiveCfg = Debug|Any CPU
		{0A9FC8D8-1098-4FF0-8AA0-B7A2989F4FC4}.Debug|Any CPU.Build.0 = Debug|Any CPU
		{0A9FC8D8-1098-4FF0-8AA0-B7A2989F4FC4}.Release|Any CPU.ActiveCfg = Release|Any CPU
		{0A9FC8D8-1098-4FF0-8AA0-B7A2989F4FC4}.Release|Any CPU.Build.0 = Release|Any CPU
	EndGlobalSection
	GlobalSection(SolutionProperties) = preSolution
		HideSolutionNode = FALSE
	EndGlobalSection
	GlobalSection(ExtensibilityGlobals) = postSolution
		SolutionGuid = {3812BDB8-820F-4580-B10F-486679B90EF4}
	EndGlobalSection
EndGlobal
